
Microsoft Visual Studio Solution File, Format Version 12.00
# Visual Studio Version 17
VisualStudioVersion = 17.0.31903.59
MinimumVisualStudioVersion = 10.0.40219.1
Project("{FAE04EC0-301F-11D3-BF4B-00C04F79EFBC}") = "WebAPI", "WebAPI\WebAPI.csproj", "{F7DE6CBE-45A1-4846-AE4D-DC3FA23806B9}"
EndProject
Project("{FAE04EC0-301F-11D3-BF4B-00C04F79EFBC}") = "QueueClient", "QueueClient\QueueClient.csproj", "{1FAF9B28-5598-41DA-AD63-98E149792E6A}"
EndProject
Project("{FAE04EC0-301F-11D3-BF4B-00C04F79EFBC}") = "Account", "Account\Account.csproj", "{9BD9D7A7-B3E5-43E4-A289-03CFAFCD4CB5}"
EndProject
Project("{FAE04EC0-301F-11D3-BF4B-00C04F79EFBC}") = "Models", "Models\Models.csproj", "{C97C88E7-E73F-4EFD-98DE-7FBE127ADEE9}"
EndProject
Project("{FAE04EC0-301F-11D3-BF4B-00C04F79EFBC}") = "Database", "Database\Database.csproj", "{1F5BDE2B-9B4F-4F96-B20B-E2B084488A09}"
EndProject
Global
	GlobalSection(SolutionConfigurationPlatforms) = preSolution
		Debug|Any CPU = Debug|Any CPU
		Debug|x64 = Debug|x64
		Debug|x86 = Debug|x86
		Release|Any CPU = Release|Any CPU
		Release|x64 = Release|x64
		Release|x86 = Release|x86
	EndGlobalSection
	GlobalSection(ProjectConfigurationPlatforms) = postSolution
		{F7DE6CBE-45A1-4846-AE4D-DC3FA23806B9}.Debug|Any CPU.ActiveCfg = Debug|Any CPU
		{F7DE6CBE-45A1-4846-AE4D-DC3FA23806B9}.Debug|Any CPU.Build.0 = Debug|Any CPU
		{F7DE6CBE-45A1-4846-AE4D-DC3FA23806B9}.Debug|x64.ActiveCfg = Debug|Any CPU
		{F7DE6CBE-45A1-4846-AE4D-DC3FA23806B9}.Debug|x64.Build.0 = Debug|Any CPU
		{F7DE6CBE-45A1-4846-AE4D-DC3FA23806B9}.Debug|x86.ActiveCfg = Debug|Any CPU
		{F7DE6CBE-45A1-4846-AE4D-DC3FA23806B9}.Debug|x86.Build.0 = Debug|Any CPU
		{F7DE6CBE-45A1-4846-AE4D-DC3FA23806B9}.Release|Any CPU.ActiveCfg = Release|Any CPU
		{F7DE6CBE-45A1-4846-AE4D-DC3FA23806B9}.Release|Any CPU.Build.0 = Release|Any CPU
		{F7DE6CBE-45A1-4846-AE4D-DC3FA23806B9}.Release|x64.ActiveCfg = Release|Any CPU
		{F7DE6CBE-45A1-4846-AE4D-DC3FA23806B9}.Release|x64.Build.0 = Release|Any CPU
		{F7DE6CBE-45A1-4846-AE4D-DC3FA23806B9}.Release|x86.ActiveCfg = Release|Any CPU
		{F7DE6CBE-45A1-4846-AE4D-DC3FA23806B9}.Release|x86.Build.0 = Release|Any CPU
		{1FAF9B28-5598-41DA-AD63-98E149792E6A}.Debug|Any CPU.ActiveCfg = Debug|Any CPU
		{1FAF9B28-5598-41DA-AD63-98E149792E6A}.Debug|Any CPU.Build.0 = Debug|Any CPU
		{1FAF9B28-5598-41DA-AD63-98E149792E6A}.Debug|x64.ActiveCfg = Debug|Any CPU
		{1FAF9B28-5598-41DA-AD63-98E149792E6A}.Debug|x64.Build.0 = Debug|Any CPU
		{1FAF9B28-5598-41DA-AD63-98E149792E6A}.Debug|x86.ActiveCfg = Debug|Any CPU
		{1FAF9B28-5598-41DA-AD63-98E149792E6A}.Debug|x86.Build.0 = Debug|Any CPU
		{1FAF9B28-5598-41DA-AD63-98E149792E6A}.Release|Any CPU.ActiveCfg = Release|Any CPU
		{1FAF9B28-5598-41DA-AD63-98E149792E6A}.Release|Any CPU.Build.0 = Release|Any CPU
		{1FAF9B28-5598-41DA-AD63-98E149792E6A}.Release|x64.ActiveCfg = Release|Any CPU
		{1FAF9B28-5598-41DA-AD63-98E149792E6A}.Release|x64.Build.0 = Release|Any CPU
		{1FAF9B28-5598-41DA-AD63-98E149792E6A}.Release|x86.ActiveCfg = Release|Any CPU
		{1FAF9B28-5598-41DA-AD63-98E149792E6A}.Release|x86.Build.0 = Release|Any CPU
		{9BD9D7A7-B3E5-43E4-A289-03CFAFCD4CB5}.Debug|Any CPU.ActiveCfg = Debug|Any CPU
		{9BD9D7A7-B3E5-43E4-A289-03CFAFCD4CB5}.Debug|Any CPU.Build.0 = Debug|Any CPU
		{9BD9D7A7-B3E5-43E4-A289-03CFAFCD4CB5}.Debug|x64.ActiveCfg = Debug|Any CPU
		{9BD9D7A7-B3E5-43E4-A289-03CFAFCD4CB5}.Debug|x64.Build.0 = Debug|Any CPU
		{9BD9D7A7-B3E5-43E4-A289-03CFAFCD4CB5}.Debug|x86.ActiveCfg = Debug|Any CPU
		{9BD9D7A7-B3E5-43E4-A289-03CFAFCD4CB5}.Debug|x86.Build.0 = Debug|Any CPU
		{9BD9D7A7-B3E5-43E4-A289-03CFAFCD4CB5}.Release|Any CPU.ActiveCfg = Release|Any CPU
		{9BD9D7A7-B3E5-43E4-A289-03CFAFCD4CB5}.Release|Any CPU.Build.0 = Release|Any CPU
		{9BD9D7A7-B3E5-43E4-A289-03CFAFCD4CB5}.Release|x64.ActiveCfg = Release|Any CPU
		{9BD9D7A7-B3E5-43E4-A289-03CFAFCD4CB5}.Release|x64.Build.0 = Release|Any CPU
		{9BD9D7A7-B3E5-43E4-A289-03CFAFCD4CB5}.Release|x86.ActiveCfg = Release|Any CPU
		{9BD9D7A7-B3E5-43E4-A289-03CFAFCD4CB5}.Release|x86.Build.0 = Release|Any CPU
		{C97C88E7-E73F-4EFD-98DE-7FBE127ADEE9}.Debug|Any CPU.ActiveCfg = Debug|Any CPU
		{C97C88E7-E73F-4EFD-98DE-7FBE127ADEE9}.Debug|Any CPU.Build.0 = Debug|Any CPU
		{C97C88E7-E73F-4EFD-98DE-7FBE127ADEE9}.Debug|x64.ActiveCfg = Debug|Any CPU
		{C97C88E7-E73F-4EFD-98DE-7FBE127ADEE9}.Debug|x64.Build.0 = Debug|Any CPU
		{C97C88E7-E73F-4EFD-98DE-7FBE127ADEE9}.Debug|x86.ActiveCfg = Debug|Any CPU
		{C97C88E7-E73F-4EFD-98DE-7FBE127ADEE9}.Debug|x86.Build.0 = Debug|Any CPU
		{C97C88E7-E73F-4EFD-98DE-7FBE127ADEE9}.Release|Any CPU.ActiveCfg = Release|Any CPU
		{C97C88E7-E73F-4EFD-98DE-7FBE127ADEE9}.Release|Any CPU.Build.0 = Release|Any CPU
		{C97C88E7-E73F-4EFD-98DE-7FBE127ADEE9}.Release|x64.ActiveCfg = Release|Any CPU
		{C97C88E7-E73F-4EFD-98DE-7FBE127ADEE9}.Release|x64.Build.0 = Release|Any CPU
		{C97C88E7-E73F-4EFD-98DE-7FBE127ADEE9}.Release|x86.ActiveCfg = Release|Any CPU
		{C97C88E7-E73F-4EFD-98DE-7FBE127ADEE9}.Release|x86.Build.0 = Release|Any CPU
		{1F5BDE2B-9B4F-4F96-B20B-E2B084488A09}.Debug|Any CPU.ActiveCfg = Debug|Any CPU
		{1F5BDE2B-9B4F-4F96-B20B-E2B084488A09}.Debug|Any CPU.Build.0 = Debug|Any CPU
		{1F5BDE2B-9B4F-4F96-B20B-E2B084488A09}.Debug|x64.ActiveCfg = Debug|Any CPU
		{1F5BDE2B-9B4F-4F96-B20B-E2B084488A09}.Debug|x64.Build.0 = Debug|Any CPU
		{1F5BDE2B-9B4F-4F96-B20B-E2B084488A09}.Debug|x86.ActiveCfg = Debug|Any CPU
		{1F5BDE2B-9B4F-4F96-B20B-E2B084488A09}.Debug|x86.Build.0 = Debug|Any CPU
		{1F5BDE2B-9B4F-4F96-B20B-E2B084488A09}.Release|Any CPU.ActiveCfg = Release|Any CPU
		{1F5BDE2B-9B4F-4F96-B20B-E2B084488A09}.Release|Any CPU.Build.0 = Release|Any CPU
		{1F5BDE2B-9B4F-4F96-B20B-E2B084488A09}.Release|x64.ActiveCfg = Release|Any CPU
		{1F5BDE2B-9B4F-4F96-B20B-E2B084488A09}.Release|x64.Build.0 = Release|Any CPU
		{1F5BDE2B-9B4F-4F96-B20B-E2B084488A09}.Release|x86.ActiveCfg = Release|Any CPU
		{1F5BDE2B-9B4F-4F96-B20B-E2B084488A09}.Release|x86.Build.0 = Release|Any CPU
	EndGlobalSection
	GlobalSection(SolutionProperties) = preSolution
		HideSolutionNode = FALSE
	EndGlobalSection
EndGlobal
